// !$*UTF8*$!
{
	archiveVersion = 1;
	classes = {
	};
	objectVersion = 50;
	objects = {

/* Begin PBXBuildFile section */
		E344BCC72249585C006FD80D /* RNCarPlay.m in Sources */ = {isa = PBXBuildFile; fileRef = E344BBF222494D53006FD80D /* RNCarPlay.m */; };
		E344BCC82249585C006FD80D /* RNCPStore.m in Sources */ = {isa = PBXBuildFile; fileRef = E344BBF422494D9D006FD80D /* RNCPStore.m */; };
		E35223EB224BD4E500623F30 /* RCTConvert+RNCarPlay.m in Sources */ = {isa = PBXBuildFile; fileRef = E35223EA224BD4E500623F30 /* RCTConvert+RNCarPlay.m */; };
/* End PBXBuildFile section */

/* Begin PBXCopyFilesBuildPhase section */
		E344BCBC22495851006FD80D /* CopyFiles */ = {
			isa = PBXCopyFilesBuildPhase;
			buildActionMask = 2147483647;
			dstPath = "include/$(PRODUCT_NAME)";
			dstSubfolderSpec = 16;
			files = (
			);
			runOnlyForDeploymentPostprocessing = 0;
		};
/* End PBXCopyFilesBuildPhase section */

/* Begin PBXFileReference section */
		E344BBEA22494CBD006FD80D /* RNCarPlay.h */ = {isa = PBXFileReference; lastKnownFileType = sourcecode.c.h; path = RNCarPlay.h; sourceTree = "<group>"; };
		E344BBF222494D53006FD80D /* RNCarPlay.m */ = {isa = PBXFileReference; lastKnownFileType = sourcecode.c.objc; path = RNCarPlay.m; sourceTree = "<group>"; };
		E344BBF422494D9D006FD80D /* RNCPStore.m */ = {isa = PBXFileReference; lastKnownFileType = sourcecode.c.objc; path = RNCPStore.m; sourceTree = "<group>"; };
		E344BBF622494DAC006FD80D /* RNCPStore.h */ = {isa = PBXFileReference; lastKnownFileType = sourcecode.c.h; path = RNCPStore.h; sourceTree = "<group>"; };
		E344BCBE22495851006FD80D /* libRNCarPlay.a */ = {isa = PBXFileReference; explicitFileType = archive.ar; includeInIndex = 0; path = libRNCarPlay.a; sourceTree = BUILT_PRODUCTS_DIR; };
		E35223E9224BD4C400623F30 /* RCTConvert+RNCarPlay.h */ = {isa = PBXFileReference; lastKnownFileType = sourcecode.c.h; path = "RCTConvert+RNCarPlay.h"; sourceTree = "<group>"; };
		E35223EA224BD4E500623F30 /* RCTConvert+RNCarPlay.m */ = {isa = PBXFileReference; lastKnownFileType = sourcecode.c.objc; path = "RCTConvert+RNCarPlay.m"; sourceTree = "<group>"; };
/* End PBXFileReference section */

/* Begin PBXFrameworksBuildPhase section */
		E344BCBB22495851006FD80D /* Frameworks */ = {
			isa = PBXFrameworksBuildPhase;
			buildActionMask = 2147483647;
			files = (
			);
			runOnlyForDeploymentPostprocessing = 0;
		};
/* End PBXFrameworksBuildPhase section */

/* Begin PBXGroup section */
		E344BBDD22494CBD006FD80D = {
			isa = PBXGroup;
			children = (
				E35223EA224BD4E500623F30 /* RCTConvert+RNCarPlay.m */,
				E35223E9224BD4C400623F30 /* RCTConvert+RNCarPlay.h */,
				E344BBEA22494CBD006FD80D /* RNCarPlay.h */,
				E344BBF222494D53006FD80D /* RNCarPlay.m */,
				E344BBF622494DAC006FD80D /* RNCPStore.h */,
				E344BBF422494D9D006FD80D /* RNCPStore.m */,
				E344BBE822494CBD006FD80D /* Products */,
			);
			sourceTree = "<group>";
		};
		E344BBE822494CBD006FD80D /* Products */ = {
			isa = PBXGroup;
			children = (
				E344BCBE22495851006FD80D /* libRNCarPlay.a */,
			);
			name = Products;
			sourceTree = "<group>";
		};
/* End PBXGroup section */

/* Begin PBXNativeTarget section */
		E344BCBD22495851006FD80D /* RNCarPlay */ = {
			isa = PBXNativeTarget;
			buildConfigurationList = E344BCC422495851006FD80D /* Build configuration list for PBXNativeTarget "RNCarPlay" */;
			buildPhases = (
				E344BCBA22495851006FD80D /* Sources */,
				E344BCBB22495851006FD80D /* Frameworks */,
				E344BCBC22495851006FD80D /* CopyFiles */,
			);
			buildRules = (
			);
			dependencies = (
			);
			name = RNCarPlay;
			productName = RNCarPlay;
			productReference = E344BCBE22495851006FD80D /* libRNCarPlay.a */;
			productType = "com.apple.product-type.library.static";
		};
/* End PBXNativeTarget section */

/* Begin PBXProject section */
		E344BBDE22494CBD006FD80D /* Project object */ = {
			isa = PBXProject;
			attributes = {
				LastUpgradeCheck = 1010;
				ORGANIZATIONNAME = "SOLID Mobile";
				TargetAttributes = {
					E344BCBD22495851006FD80D = {
						CreatedOnToolsVersion = 10.1;
					};
				};
			};
			buildConfigurationList = E344BBE122494CBD006FD80D /* Build configuration list for PBXProject "RNCarPlay" */;
			compatibilityVersion = "Xcode 9.3";
			developmentRegion = en;
			hasScannedForEncodings = 0;
			knownRegions = (
				en,
			);
			mainGroup = E344BBDD22494CBD006FD80D;
			productRefGroup = E344BBE822494CBD006FD80D /* Products */;
			projectDirPath = "";
			projectRoot = "";
			targets = (
				E344BCBD22495851006FD80D /* RNCarPlay */,
			);
		};
/* End PBXProject section */

/* Begin PBXSourcesBuildPhase section */
		E344BCBA22495851006FD80D /* Sources */ = {
			isa = PBXSourcesBuildPhase;
			buildActionMask = 2147483647;
			files = (
				E35223EB224BD4E500623F30 /* RCTConvert+RNCarPlay.m in Sources */,
				E344BCC72249585C006FD80D /* RNCarPlay.m in Sources */,
				E344BCC82249585C006FD80D /* RNCPStore.m in Sources */,
			);
			runOnlyForDeploymentPostprocessing = 0;
		};
/* End PBXSourcesBuildPhase section */

/* Begin XCBuildConfiguration section */
		E344BBED22494CBD006FD80D /* Debug */ = {
			isa = XCBuildConfiguration;
			buildSettings = {
				ALWAYS_SEARCH_USER_PATHS = NO;
				CLANG_ANALYZER_NONNULL = YES;
				CLANG_ANALYZER_NUMBER_OBJECT_CONVERSION = YES_AGGRESSIVE;
				CLANG_CXX_LANGUAGE_STANDARD = "gnu++14";
				CLANG_CXX_LIBRARY = "libc++";
				CLANG_ENABLE_MODULES = YES;
				CLANG_ENABLE_OBJC_ARC = YES;
				CLANG_ENABLE_OBJC_WEAK = YES;
				CLANG_WARN_BLOCK_CAPTURE_AUTORELEASING = YES;
				CLANG_WARN_BOOL_CONVERSION = YES;
				CLANG_WARN_COMMA = YES;
				CLANG_WARN_CONSTANT_CONVERSION = YES;
				CLANG_WARN_DEPRECATED_OBJC_IMPLEMENTATIONS = YES;
				CLANG_WARN_DIRECT_OBJC_ISA_USAGE = YES_ERROR;
				CLANG_WARN_DOCUMENTATION_COMMENTS = YES;
				CLANG_WARN_EMPTY_BODY = YES;
				CLANG_WARN_ENUM_CONVERSION = YES;
				CLANG_WARN_INFINITE_RECURSION = YES;
				CLANG_WARN_INT_CONVERSION = YES;
				CLANG_WARN_NON_LITERAL_NULL_CONVERSION = YES;
				CLANG_WARN_OBJC_IMPLICIT_RETAIN_SELF = YES;
				CLANG_WARN_OBJC_LITERAL_CONVERSION = YES;
				CLANG_WARN_OBJC_ROOT_CLASS = YES_ERROR;
				CLANG_WARN_RANGE_LOOP_ANALYSIS = YES;
				CLANG_WARN_STRICT_PROTOTYPES = YES;
				CLANG_WARN_SUSPICIOUS_MOVE = YES;
				CLANG_WARN_UNGUARDED_AVAILABILITY = YES_AGGRESSIVE;
				CLANG_WARN_UNREACHABLE_CODE = YES;
				CLANG_WARN__DUPLICATE_METHOD_MATCH = YES;
				CODE_SIGN_IDENTITY = "iPhone Developer";
				COPY_PHASE_STRIP = NO;
				CURRENT_PROJECT_VERSION = 1;
				DEBUG_INFORMATION_FORMAT = dwarf;
				ENABLE_STRICT_OBJC_MSGSEND = YES;
				ENABLE_TESTABILITY = YES;
				GCC_C_LANGUAGE_STANDARD = gnu11;
				GCC_DYNAMIC_NO_PIC = NO;
				GCC_NO_COMMON_BLOCKS = YES;
				GCC_OPTIMIZATION_LEVEL = 0;
				GCC_PREPROCESSOR_DEFINITIONS = (
					"DEBUG=1",
					"$(inherited)",
				);
				GCC_WARN_64_TO_32_BIT_CONVERSION = YES;
				GCC_WARN_ABOUT_RETURN_TYPE = YES_ERROR;
				GCC_WARN_UNDECLARED_SELECTOR = YES;
				GCC_WARN_UNINITIALIZED_AUTOS = YES_AGGRESSIVE;
				GCC_WARN_UNUSED_FUNCTION = YES;
				GCC_WARN_UNUSED_VARIABLE = YES;
				IPHONEOS_DEPLOYMENT_TARGET = 12.1;
				MTL_ENABLE_DEBUG_INFO = INCLUDE_SOURCE;
				MTL_FAST_MATH = YES;
				ONLY_ACTIVE_ARCH = YES;
				SDKROOT = iphoneos;
				VERSIONING_SYSTEM = "apple-generic";
				VERSION_INFO_PREFIX = "";
			};
			name = Debug;
		};
		E344BBEE22494CBD006FD80D /* Release */ = {
			isa = XCBuildConfiguration;
			buildSettings = {
				ALWAYS_SEARCH_USER_PATHS = NO;
				CLANG_ANALYZER_NONNULL = YES;
				CLANG_ANALYZER_NUMBER_OBJECT_CONVERSION = YES_AGGRESSIVE;
				CLANG_CXX_LANGUAGE_STANDARD = "gnu++14";
				CLANG_CXX_LIBRARY = "libc++";
				CLANG_ENABLE_MODULES = YES;
				CLANG_ENABLE_OBJC_ARC = YES;
				CLANG_ENABLE_OBJC_WEAK = YES;
				CLANG_WARN_BLOCK_CAPTURE_AUTORELEASING = YES;
				CLANG_WARN_BOOL_CONVERSION = YES;
				CLANG_WARN_COMMA = YES;
				CLANG_WARN_CONSTANT_CONVERSION = YES;
				CLANG_WARN_DEPRECATED_OBJC_IMPLEMENTATIONS = YES;
				CLANG_WARN_DIRECT_OBJC_ISA_USAGE = YES_ERROR;
				CLANG_WARN_DOCUMENTATION_COMMENTS = YES;
				CLANG_WARN_EMPTY_BODY = YES;
				CLANG_WARN_ENUM_CONVERSION = YES;
				CLANG_WARN_INFINITE_RECURSION = YES;
				CLANG_WARN_INT_CONVERSION = YES;
				CLANG_WARN_NON_LITERAL_NULL_CONVERSION = YES;
				CLANG_WARN_OBJC_IMPLICIT_RETAIN_SELF = YES;
				CLANG_WARN_OBJC_LITERAL_CONVERSION = YES;
				CLANG_WARN_OBJC_ROOT_CLASS = YES_ERROR;
				CLANG_WARN_RANGE_LOOP_ANALYSIS = YES;
				CLANG_WARN_STRICT_PROTOTYPES = YES;
				CLANG_WARN_SUSPICIOUS_MOVE = YES;
				CLANG_WARN_UNGUARDED_AVAILABILITY = YES_AGGRESSIVE;
				CLANG_WARN_UNREACHABLE_CODE = YES;
				CLANG_WARN__DUPLICATE_METHOD_MATCH = YES;
				CODE_SIGN_IDENTITY = "iPhone Developer";
				COPY_PHASE_STRIP = NO;
				CURRENT_PROJECT_VERSION = 1;
				DEBUG_INFORMATION_FORMAT = "dwarf-with-dsym";
				ENABLE_NS_ASSERTIONS = NO;
				ENABLE_STRICT_OBJC_MSGSEND = YES;
				GCC_C_LANGUAGE_STANDARD = gnu11;
				GCC_NO_COMMON_BLOCKS = YES;
				GCC_WARN_64_TO_32_BIT_CONVERSION = YES;
				GCC_WARN_ABOUT_RETURN_TYPE = YES_ERROR;
				GCC_WARN_UNDECLARED_SELECTOR = YES;
				GCC_WARN_UNINITIALIZED_AUTOS = YES_AGGRESSIVE;
				GCC_WARN_UNUSED_FUNCTION = YES;
				GCC_WARN_UNUSED_VARIABLE = YES;
				IPHONEOS_DEPLOYMENT_TARGET = 12.1;
				MTL_ENABLE_DEBUG_INFO = NO;
				MTL_FAST_MATH = YES;
				SDKROOT = iphoneos;
				VALIDATE_PRODUCT = YES;
				VERSIONING_SYSTEM = "apple-generic";
				VERSION_INFO_PREFIX = "";
			};
			name = Release;
		};
		E344BCC522495851006FD80D /* Debug */ = {
			isa = XCBuildConfiguration;
			buildSettings = {
				CODE_SIGN_STYLE = Automatic;
				DEVELOPMENT_TEAM = 5PD7JU2FJC;
				OTHER_LDFLAGS = "-ObjC";
				PRODUCT_NAME = "$(TARGET_NAME)";
				SKIP_INSTALL = YES;
				TARGETED_DEVICE_FAMILY = "1,2";
			};
			name = Debug;
		};
		E344BCC622495851006FD80D /* Release */ = {
			isa = XCBuildConfiguration;
			buildSettings = {
				CODE_SIGN_STYLE = Automatic;
				DEVELOPMENT_TEAM = 5PD7JU2FJC;
				OTHER_LDFLAGS = "-ObjC";
				PRODUCT_NAME = "$(TARGET_NAME)";
				SKIP_INSTALL = YES;
				TARGETED_DEVICE_FAMILY = "1,2";
			};
			name = Release;
		};
/* End XCBuildConfiguration section */

/* Begin XCConfigurationList section */
		E344BBE122494CBD006FD80D /* Build configuration list for PBXProject "RNCarPlay" */ = {
			isa = XCConfigurationList;
			buildConfigurations = (
				E344BBED22494CBD006FD80D /* Debug */,
				E344BBEE22494CBD006FD80D /* Release */,
			);
			defaultConfigurationIsVisible = 0;
			defaultConfigurationName = Release;
		};
		E344BCC422495851006FD80D /* Build configuration list for PBXNativeTarget "RNCarPlay" */ = {
			isa = XCConfigurationList;
			buildConfigurations = (
				E344BCC522495851006FD80D /* Debug */,
				E344BCC622495851006FD80D /* Release */,
			);
			defaultConfigurationIsVisible = 0;
			defaultConfigurationName = Release;
		};
/* End XCConfigurationList section */
	};
	rootObject = E344BBDE22494CBD006FD80D /* Project object */;
}
